
Microsoft Visual Studio Solution File, Format Version 12.00
# Visual Studio Version 17
VisualStudioVersion = 17.0.31912.275
MinimumVisualStudioVersion = 10.0.40219.1
Project("{FAE04EC0-301F-11D3-BF4B-00C04F79EFBC}") = "WindowsFormsAppLab1", "WindowsFormsAppLab1\WindowsFormsAppLab1.csproj", "{728721A5-C5C8-4B5A-973B-8384B96F1B50}"
EndProject
Global
	GlobalSection(SolutionConfigurationPlatforms) = preSolution
		Debug|Any CPU = Debug|Any CPU
		Release|Any CPU = Release|Any CPU
	EndGlobalSection
	GlobalSection(ProjectConfigurationPlatforms) = postSolution
		{728721A5-C5C8-4B5A-973B-8384B96F1B50}.Debug|Any CPU.ActiveCfg = Debug|Any CPU
		{728721A5-C5C8-4B5A-973B-8384B96F1B50}.Debug|Any CPU.Build.0 = Debug|Any CPU
		{728721A5-C5C8-4B5A-973B-8384B96F1B50}.Release|Any CPU.ActiveCfg = Release|Any CPU
		{728721A5-C5C8-4B5A-973B-8384B96F1B50}.Release|Any CPU.Build.0 = Release|Any CPU
	EndGlobalSection
	GlobalSection(SolutionProperties) = preSolution
		HideSolutionNode = FALSE
	EndGlobalSection
	GlobalSection(ExtensibilityGlobals) = postSolution
		SolutionGuid = {F8F363C5-0037-4003-89CE-3D510C50F8D9}
	EndGlobalSection
EndGlobal
